// !$*UTF8*$!
{
	archiveVersion = 1;
	classes = {
	};
	objectVersion = 46;
	objects = {

/* Begin PBXBuildFile section */
		0701AC9A14DACD6000AE4374 /* UIKit.framework in Frameworks */ = {isa = PBXBuildFile; fileRef = 0701AC9914DACD6000AE4374 /* UIKit.framework */; };
		0701AC9C14DACD6000AE4374 /* Foundation.framework in Frameworks */ = {isa = PBXBuildFile; fileRef = 0701AC9B14DACD6000AE4374 /* Foundation.framework */; };
		0701AC9E14DACD6000AE4374 /* CoreGraphics.framework in Frameworks */ = {isa = PBXBuildFile; fileRef = 0701AC9D14DACD6000AE4374 /* CoreGraphics.framework */; };
		0701ACA414DACD6000AE4374 /* InfoPlist.strings in Resources */ = {isa = PBXBuildFile; fileRef = 0701ACA214DACD6000AE4374 /* InfoPlist.strings */; };
		0701ACA614DACD6000AE4374 /* main.m in Sources */ = {isa = PBXBuildFile; fileRef = 0701ACA514DACD6000AE4374 /* main.m */; };
		0701ACAA14DACD6000AE4374 /* FeedbackAppDelegate.m in Sources */ = {isa = PBXBuildFile; fileRef = 0701ACA914DACD6000AE4374 /* FeedbackAppDelegate.m */; };
		0701ACAD14DACD6000AE4374 /* MainStoryboard.storyboard in Resources */ = {isa = PBXBuildFile; fileRef = 0701ACAB14DACD6000AE4374 /* MainStoryboard.storyboard */; };
		0701ACB014DACD6000AE4374 /* FeedbackViewController.m in Sources */ = {isa = PBXBuildFile; fileRef = 0701ACAF14DACD6000AE4374 /* FeedbackViewController.m */; };
/* End PBXBuildFile section */

/* Begin PBXFileReference section */
		0701AC9514DACD6000AE4374 /* Feedback.app */ = {isa = PBXFileReference; explicitFileType = wrapper.application; includeInIndex = 0; path = Feedback.app; sourceTree = BUILT_PRODUCTS_DIR; };
		0701AC9914DACD6000AE4374 /* UIKit.framework */ = {isa = PBXFileReference; lastKnownFileType = wrapper.framework; name = UIKit.framework; path = System/Library/Frameworks/UIKit.framework; sourceTree = SDKROOT; };
		0701AC9B14DACD6000AE4374 /* Foundation.framework */ = {isa = PBXFileReference; lastKnownFileType = wrapper.framework; name = Foundation.framework; path = System/Library/Frameworks/Foundation.framework; sourceTree = SDKROOT; };
		0701AC9D14DACD6000AE4374 /* CoreGraphics.framework */ = {isa = PBXFileReference; lastKnownFileType = wrapper.framework; name = CoreGraphics.framework; path = System/Library/Frameworks/CoreGraphics.framework; sourceTree = SDKROOT; };
		0701ACA114DACD6000AE4374 /* Feedback-Info.plist */ = {isa = PBXFileReference; path = "Feedback-Info.plist"; sourceTree = "<group>"; };
		0701ACA314DACD6000AE4374 /* en */ = {isa = PBXFileReference; lastKnownFileType = text.plist.strings; name = en; path = en.lproj/InfoPlist.strings; sourceTree = "<group>"; };
		0701ACA514DACD6000AE4374 /* main.m */ = {isa = PBXFileReference; lastKnownFileType = sourcecode.c.objc; path = main.m; sourceTree = "<group>"; };
		0701ACA714DACD6000AE4374 /* Feedback-Prefix.pch */ = {isa = PBXFileReference; path = "Feedback-Prefix.pch"; sourceTree = "<group>"; };
		0701ACA814DACD6000AE4374 /* FeedbackAppDelegate.h */ = {isa = PBXFileReference; path = FeedbackAppDelegate.h; sourceTree = "<group>"; };
		0701ACA914DACD6000AE4374 /* FeedbackAppDelegate.m */ = {isa = PBXFileReference; lastKnownFileType = sourcecode.c.objc; path = FeedbackAppDelegate.m; sourceTree = "<group>"; };
		0701ACAC14DACD6000AE4374 /* en */ = {isa = PBXFileReference; lastKnownFileType = file.storyboard; name = en; path = en.lproj/MainStoryboard.storyboard; sourceTree = "<group>"; };
		0701ACAE14DACD6000AE4374 /* FeedbackViewController.h */ = {isa = PBXFileReference; path = FeedbackViewController.h; sourceTree = "<group>"; };
		0701ACAF14DACD6000AE4374 /* FeedbackViewController.m */ = {isa = PBXFileReference; lastKnownFileType = sourcecode.c.objc; path = FeedbackViewController.m; sourceTree = "<group>"; };
/* End PBXFileReference section */

/* Begin PBXFrameworksBuildPhase section */
		0701AC9214DACD6000AE4374 /* Frameworks */ = {
			isa = PBXFrameworksBuildPhase;
			buildActionMask = 2147483647;
			files = (
				0701AC9A14DACD6000AE4374 /* UIKit.framework in Frameworks */,
				0701AC9C14DACD6000AE4374 /* Foundation.framework in Frameworks */,
				0701AC9E14DACD6000AE4374 /* CoreGraphics.framework in Frameworks */,
			);
			runOnlyForDeploymentPostprocessing = 0;
		};
/* End PBXFrameworksBuildPhase section */

/* Begin PBXGroup section */
		0701AC8A14DACD6000AE4374 = {
			isa = PBXGroup;
			children = (
				0701AC9F14DACD6000AE4374 /* Feedback */,
				0701AC9814DACD6000AE4374 /* Frameworks */,
				0701AC9614DACD6000AE4374 /* Products */,
			);
			sourceTree = "<group>";
		};
		0701AC9614DACD6000AE4374 /* Products */ = {
			isa = PBXGroup;
			children = (
				0701AC9514DACD6000AE4374 /* Feedback.app */,
			);
			name = Products;
			sourceTree = "<group>";
		};
		0701AC9814DACD6000AE4374 /* Frameworks */ = {
			isa = PBXGroup;
			children = (
				0701AC9914DACD6000AE4374 /* UIKit.framework */,
				0701AC9B14DACD6000AE4374 /* Foundation.framework */,
				0701AC9D14DACD6000AE4374 /* CoreGraphics.framework */,
			);
			name = Frameworks;
			sourceTree = "<group>";
		};
		0701AC9F14DACD6000AE4374 /* Feedback */ = {
			isa = PBXGroup;
			children = (
				0701ACA814DACD6000AE4374 /* FeedbackAppDelegate.h */,
				0701ACA914DACD6000AE4374 /* FeedbackAppDelegate.m */,
				0701ACAB14DACD6000AE4374 /* MainStoryboard.storyboard */,
				0701ACAE14DACD6000AE4374 /* FeedbackViewController.h */,
				0701ACAF14DACD6000AE4374 /* FeedbackViewController.m */,
				0701ACA014DACD6000AE4374 /* Supporting Files */,
			);
			path = Feedback;
			sourceTree = "<group>";
		};
		0701ACA014DACD6000AE4374 /* Supporting Files */ = {
			isa = PBXGroup;
			children = (
				0701ACA114DACD6000AE4374 /* Feedback-Info.plist */,
				0701ACA214DACD6000AE4374 /* InfoPlist.strings */,
				0701ACA514DACD6000AE4374 /* main.m */,
				0701ACA714DACD6000AE4374 /* Feedback-Prefix.pch */,
			);
			name = "Supporting Files";
			sourceTree = "<group>";
		};
/* End PBXGroup section */

/* Begin PBXNativeTarget section */
		0701AC9414DACD6000AE4374 /* Feedback */ = {
			isa = PBXNativeTarget;
			buildConfigurationList = 0701ACB314DACD6000AE4374 /* Build configuration list for PBXNativeTarget "Feedback" */;
			buildPhases = (
				0701AC9114DACD6000AE4374 /* Sources */,
				0701AC9214DACD6000AE4374 /* Frameworks */,
				0701AC9314DACD6000AE4374 /* Resources */,
			);
			buildRules = (
			);
			dependencies = (
			);
			name = Feedback;
			productName = Feedback;
			productReference = 0701AC9514DACD6000AE4374 /* Feedback.app */;
			productType = "com.apple.product-type.application";
		};
/* End PBXNativeTarget section */

/* Begin PBXProject section */
		0701AC8C14DACD6000AE4374 /* Project object */ = {
			isa = PBXProject;
			attributes = {
				LastUpgradeCheck = 0420;
				ORGANIZATIONNAME = OlliesPage;
			};
			buildConfigurationList = 0701AC8F14DACD6000AE4374 /* Build configuration list for PBXProject "Feedback" */;
			compatibilityVersion = "Xcode 3.2";
			developmentRegion = English;
			hasScannedForEncodings = 0;
			knownRegions = (
				en,
			);
			mainGroup = 0701AC8A14DACD6000AE4374;
			productRefGroup = 0701AC9614DACD6000AE4374 /* Products */;
			projectDirPath = "";
			projectRoot = "";
			targets = (
				0701AC9414DACD6000AE4374 /* Feedback */,
			);
		};
/* End PBXProject section */

/* Begin PBXResourcesBuildPhase section */
		0701AC9314DACD6000AE4374 /* Resources */ = {
			isa = PBXResourcesBuildPhase;
			buildActionMask = 2147483647;
			files = (
				0701ACA414DACD6000AE4374 /* InfoPlist.strings in Resources */,
				0701ACAD14DACD6000AE4374 /* MainStoryboard.storyboard in Resources */,
			);
			runOnlyForDeploymentPostprocessing = 0;
		};
/* End PBXResourcesBuildPhase section */

/* Begin PBXSourcesBuildPhase section */
		0701AC9114DACD6000AE4374 /* Sources */ = {
			isa = PBXSourcesBuildPhase;
			buildActionMask = 2147483647;
			files = (
				0701ACA614DACD6000AE4374 /* main.m in Sources */,
				0701ACAA14DACD6000AE4374 /* FeedbackAppDelegate.m in Sources */,
				0701ACB014DACD6000AE4374 /* FeedbackViewController.m in Sources */,
			);
			runOnlyForDeploymentPostprocessing = 0;
		};
/* End PBXSourcesBuildPhase section */

/* Begin PBXVariantGroup section */
		0701ACA214DACD6000AE4374 /* InfoPlist.strings */ = {
			isa = PBXVariantGroup;
			children = (
				0701ACA314DACD6000AE4374 /* en */,
			);
			name = InfoPlist.strings;
			sourceTree = "<group>";
		};
		0701ACAB14DACD6000AE4374 /* MainStoryboard.storyboard */ = {
			isa = PBXVariantGroup;
			children = (
				0701ACAC14DACD6000AE4374 /* en */,
			);
			name = MainStoryboard.storyboard;
			sourceTree = "<group>";
		};
/* End PBXVariantGroup section */

/* Begin XCBuildConfiguration section */
		0701ACB114DACD6000AE4374 /* Debug */ = {
			isa = XCBuildConfiguration;
			buildSettings = {
				ALWAYS_SEARCH_USER_PATHS = NO;
				ARCHS = "$(ARCHS_STANDARD_32_BIT)";
				CLANG_ENABLE_OBJC_ARC = YES;
				"CODE_SIGN_IDENTITY[sdk=iphoneos*]" = "iPhone Developer";
				COPY_PHASE_STRIP = NO;
				GCC_C_LANGUAGE_STANDARD = gnu99;
				GCC_DYNAMIC_NO_PIC = NO;
				GCC_OPTIMIZATION_LEVEL = 0;
				GCC_PREPROCESSOR_DEFINITIONS = (
					"DEBUG=1",
					"$(inherited)",
				);
				GCC_SYMBOLS_PRIVATE_EXTERN = NO;
				GCC_VERSION = com.apple.compilers.llvm.clang.1_0;
				GCC_WARN_ABOUT_MISSING_PROTOTYPES = YES;
				GCC_WARN_ABOUT_RETURN_TYPE = YES;
				GCC_WARN_UNUSED_VARIABLE = YES;
				IPHONEOS_DEPLOYMENT_TARGET = 5.0;
				SDKROOT = iphoneos;
			};
			name = Debug;
		};
		0701ACB214DACD6000AE4374 /* Release */ = {
			isa = XCBuildConfiguration;
			buildSettings = {
				ALWAYS_SEARCH_USER_PATHS = NO;
				ARCHS = "$(ARCHS_STANDARD_32_BIT)";
				CLANG_ENABLE_OBJC_ARC = YES;
				"CODE_SIGN_IDENTITY[sdk=iphoneos*]" = "iPhone Developer";
				COPY_PHASE_STRIP = YES;
				GCC_C_LANGUAGE_STANDARD = gnu99;
				GCC_VERSION = com.apple.compilers.llvm.clang.1_0;
				GCC_WARN_ABOUT_MISSING_PROTOTYPES = YES;
				GCC_WARN_ABOUT_RETURN_TYPE = YES;
				GCC_WARN_UNUSED_VARIABLE = YES;
				IPHONEOS_DEPLOYMENT_TARGET = 5.0;
				OTHER_CFLAGS = "-DNS_BLOCK_ASSERTIONS=1";
				SDKROOT = iphoneos;
				VALIDATE_PRODUCT = YES;
			};
			name = Release;
		};
		0701ACB414DACD6000AE4374 /* Debug */ = {
			isa = XCBuildConfiguration;
			buildSettings = {
				GCC_PRECOMPILE_PREFIX_HEADER = YES;
				GCC_PREFIX_HEADER = "Feedback/Feedback-Prefix.pch";
				INFOPLIST_FILE = "Feedback/Feedback-Info.plist";
				PRODUCT_NAME = "$(TARGET_NAME)";
				WRAPPER_EXTENSION = app;
			};
			name = Debug;
		};
		0701ACB514DACD6000AE4374 /* Release */ = {
			isa = XCBuildConfiguration;
			buildSettings = {
				GCC_PRECOMPILE_PREFIX_HEADER = YES;
				GCC_PREFIX_HEADER = "Feedback/Feedback-Prefix.pch";
				INFOPLIST_FILE = "Feedback/Feedback-Info.plist";
				PRODUCT_NAME = "$(TARGET_NAME)";
				WRAPPER_EXTENSION = app;
			};
			name = Release;
		};
/* End XCBuildConfiguration section */

/* Begin XCConfigurationList section */
		0701AC8F14DACD6000AE4374 /* Build configuration list for PBXProject "Feedback" */ = {
			isa = XCConfigurationList;
			buildConfigurations = (
				0701ACB114DACD6000AE4374 /* Debug */,
				0701ACB214DACD6000AE4374 /* Release */,
			);
			defaultConfigurationIsVisible = 0;
			defaultConfigurationName = Release;
		};
		0701ACB314DACD6000AE4374 /* Build configuration list for PBXNativeTarget "Feedback" */ = {
			isa = XCConfigurationList;
			buildConfigurations = (
				0701ACB414DACD6000AE4374 /* Debug */,
				0701ACB514DACD6000AE4374 /* Release */,
			);
			defaultConfigurationIsVisible = 0;
		};
/* End XCConfigurationList section */
	};
	rootObject = 0701AC8C14DACD6000AE4374 /* Project object */;
}
